
Microsoft Visual Studio Solution File, Format Version 12.00
# Visual Studio Version 17
VisualStudioVersion = 17.5.33516.290
MinimumVisualStudioVersion = 10.0.40219.1
Project("{FAE04EC0-301F-11D3-BF4B-00C04F79EFBC}") = "Mx.NET.SDK.NativeAuthClient", "Mx.NET.SDK.NativeAuthClient\Mx.NET.SDK.NativeAuthClient.csproj", "{F906A721-61E4-4AE8-A6AA-E1D847604249}"
EndProject
Global
	GlobalSection(SolutionConfigurationPlatforms) = preSolution
		Debug|Any CPU = Debug|Any CPU
		Release|Any CPU = Release|Any CPU
	EndGlobalSection
	GlobalSection(ProjectConfigurationPlatforms) = postSolution
		{F906A721-61E4-4AE8-A6AA-E1D847604249}.Debug|Any CPU.ActiveCfg = Debug|Any CPU
		{F906A721-61E4-4AE8-A6AA-E1D847604249}.Debug|Any CPU.Build.0 = Debug|Any CPU
		{F906A721-61E4-4AE8-A6AA-E1D847604249}.Release|Any CPU.ActiveCfg = Release|Any CPU
		{F906A721-61E4-4AE8-A6AA-E1D847604249}.Release|Any CPU.Build.0 = Release|Any CPU
	EndGlobalSection
	GlobalSection(SolutionProperties) = preSolution
		HideSolutionNode = FALSE
	EndGlobalSection
	GlobalSection(ExtensibilityGlobals) = postSolution
		SolutionGuid = {C1F86006-2B1D-497F-96B8-7ECC60E566E8}
	EndGlobalSection
EndGlobal
